Microsoft Visual Studio Solution File, Format Version 12.00
# Visual Studio Version 17
VisualStudioVersion = 17.5.2.0
MinimumVisualStudioVersion = 10.0.40219.1
Project("{FAE04EC0-301F-11D3-BF4B-00C04F79EFBC}") = "SystemOfBankAccount", "SystemOfBankAccount.csproj", "{7614B31C-BB63-470D-067C-8E2AC579BA2B}"
EndProject
Global
	GlobalSection(SolutionConfigurationPlatforms) = preSolution
		Debug|Any CPU = Debug|Any CPU
		Release|Any CPU = Release|Any CPU
	EndGlobalSection
	GlobalSection(ProjectConfigurationPlatforms) = postSolution
		{7614B31C-BB63-470D-067C-8E2AC579BA2B}.Debug|Any CPU.ActiveCfg = Debug|Any CPU
		{7614B31C-BB63-470D-067C-8E2AC579BA2B}.Debug|Any CPU.Build.0 = Debug|Any CPU
		{7614B31C-BB63-470D-067C-8E2AC579BA2B}.Release|Any CPU.ActiveCfg = Release|Any CPU
		{7614B31C-BB63-470D-067C-8E2AC579BA2B}.Release|Any CPU.Build.0 = Release|Any CPU
	EndGlobalSection
	GlobalSection(SolutionProperties) = preSolution
		HideSolutionNode = FALSE
	EndGlobalSection
	GlobalSection(ExtensibilityGlobals) = postSolution
		SolutionGuid = {BD7D4B47-57AF-467C-9E9B-60A2B5A04555}
	EndGlobalSection
EndGlobal
